
Microsoft Visual Studio Solution File, Format Version 12.00
# Visual Studio Version 16
VisualStudioVersion = 16.0.31005.135
MinimumVisualStudioVersion = 10.0.40219.1
Project("{FAE04EC0-301F-11D3-BF4B-00C04F79EFBC}") = "week06", "week06\week06.csproj", "{2E325568-F28B-485A-9CBB-77505EF419B2}"
EndProject
Global
	GlobalSection(SolutionConfigurationPlatforms) = preSolution
		Debug|Any CPU = Debug|Any CPU
		Release|Any CPU = Release|Any CPU
	EndGlobalSection
	GlobalSection(ProjectConfigurationPlatforms) = postSolution
		{2E325568-F28B-485A-9CBB-77505EF419B2}.Debug|Any CPU.ActiveCfg = Debug|Any CPU
		{2E325568-F28B-485A-9CBB-77505EF419B2}.Debug|Any CPU.Build.0 = Debug|Any CPU
		{2E325568-F28B-485A-9CBB-77505EF419B2}.Release|Any CPU.ActiveCfg = Release|Any CPU
		{2E325568-F28B-485A-9CBB-77505EF419B2}.Release|Any CPU.Build.0 = Release|Any CPU
	EndGlobalSection
	GlobalSection(SolutionProperties) = preSolution
		HideSolutionNode = FALSE
	EndGlobalSection
	GlobalSection(ExtensibilityGlobals) = postSolution
		SolutionGuid = {A4202F19-0477-465C-9C59-11AEB12F9FCD}
	EndGlobalSection
EndGlobal
